
Microsoft Visual Studio Solution File, Format Version 12.00
# Visual Studio Version 17
VisualStudioVersion = 17.0.31912.275
MinimumVisualStudioVersion = 10.0.40219.1
Project("{9A19103F-16F7-4668-BE54-9A1E7A4F7556}") = "Target.Backend.Web", "Target.Backend.Web\Target.Backend.Web.csproj", "{48AAABF1-B9F2-4E45-BAD1-4224D31341FB}"
EndProject
Project("{2150E333-8FDC-42A3-9474-1A3956D46DE8}") = "ScriptsSQL", "ScriptsSQL", "{8AE8A6F9-EB63-45DE-88F9-A13E2CECAF47}"
	ProjectSection(SolutionItems) = preProject
		..\..\..\Desktop\Cliente.sql = ..\..\..\Desktop\Cliente.sql
		..\..\..\Desktop\EnderecoCliente.sql = ..\..\..\Desktop\EnderecoCliente.sql
		..\..\..\Desktop\Plano.sql = ..\..\..\Desktop\Plano.sql
		..\..\..\Desktop\Target_DB.sql = ..\..\..\Desktop\Target_DB.sql
	EndProjectSection
EndProject
Project("{FAE04EC0-301F-11D3-BF4B-00C04F79EFBC}") = "Target.Backend.Tests.Integration", "Target.Backend.Tests.Integration\Target.Backend.Tests.Integration.csproj", "{5A2E561C-AE7B-4DCB-B8CB-8361D77D0C88}"
EndProject
Global
	GlobalSection(SolutionConfigurationPlatforms) = preSolution
		Debug|Any CPU = Debug|Any CPU
		Release|Any CPU = Release|Any CPU
	EndGlobalSection
	GlobalSection(ProjectConfigurationPlatforms) = postSolution
		{48AAABF1-B9F2-4E45-BAD1-4224D31341FB}.Debug|Any CPU.ActiveCfg = Debug|Any CPU
		{48AAABF1-B9F2-4E45-BAD1-4224D31341FB}.Debug|Any CPU.Build.0 = Debug|Any CPU
		{48AAABF1-B9F2-4E45-BAD1-4224D31341FB}.Release|Any CPU.ActiveCfg = Release|Any CPU
		{48AAABF1-B9F2-4E45-BAD1-4224D31341FB}.Release|Any CPU.Build.0 = Release|Any CPU
		{5A2E561C-AE7B-4DCB-B8CB-8361D77D0C88}.Debug|Any CPU.ActiveCfg = Debug|Any CPU
		{5A2E561C-AE7B-4DCB-B8CB-8361D77D0C88}.Debug|Any CPU.Build.0 = Debug|Any CPU
		{5A2E561C-AE7B-4DCB-B8CB-8361D77D0C88}.Release|Any CPU.ActiveCfg = Release|Any CPU
		{5A2E561C-AE7B-4DCB-B8CB-8361D77D0C88}.Release|Any CPU.Build.0 = Release|Any CPU
	EndGlobalSection
	GlobalSection(SolutionProperties) = preSolution
		HideSolutionNode = FALSE
	EndGlobalSection
	GlobalSection(ExtensibilityGlobals) = postSolution
		SolutionGuid = {C72D9805-38F2-4745-8F1A-CDBB2EE4854B}
	EndGlobalSection
EndGlobal
